
Microsoft Visual Studio Solution File, Format Version 12.00
# Visual Studio 15
VisualStudioVersion = 15.0.28010.2019
MinimumVisualStudioVersion = 10.0.40219.1
Project("{FAE04EC0-301F-11D3-BF4B-00C04F79EFBC}") = "crud_test_c", "crud_test_c\crud_test_c.csproj", "{F8C9BC63-360B-459C-8023-290323BB6411}"
EndProject
Project("{FAE04EC0-301F-11D3-BF4B-00C04F79EFBC}") = "Playlist_Tests", "Playlist_Tests\Playlist_Tests.csproj", "{CF9D76BB-3C97-4A89-A553-0C1AC973AEB5}"
EndProject
Global
	GlobalSection(SolutionConfigurationPlatforms) = preSolution
		Debug|Any CPU = Debug|Any CPU
		Release|Any CPU = Release|Any CPU
	EndGlobalSection
	GlobalSection(ProjectConfigurationPlatforms) = postSolution
		{F8C9BC63-360B-459C-8023-290323BB6411}.Debug|Any CPU.ActiveCfg = Debug|Any CPU
		{F8C9BC63-360B-459C-8023-290323BB6411}.Debug|Any CPU.Build.0 = Debug|Any CPU
		{F8C9BC63-360B-459C-8023-290323BB6411}.Release|Any CPU.ActiveCfg = Release|Any CPU
		{F8C9BC63-360B-459C-8023-290323BB6411}.Release|Any CPU.Build.0 = Release|Any CPU
		{CF9D76BB-3C97-4A89-A553-0C1AC973AEB5}.Debug|Any CPU.ActiveCfg = Debug|Any CPU
		{CF9D76BB-3C97-4A89-A553-0C1AC973AEB5}.Debug|Any CPU.Build.0 = Debug|Any CPU
		{CF9D76BB-3C97-4A89-A553-0C1AC973AEB5}.Release|Any CPU.ActiveCfg = Release|Any CPU
		{CF9D76BB-3C97-4A89-A553-0C1AC973AEB5}.Release|Any CPU.Build.0 = Release|Any CPU
	EndGlobalSection
	GlobalSection(SolutionProperties) = preSolution
		HideSolutionNode = FALSE
	EndGlobalSection
	GlobalSection(ExtensibilityGlobals) = postSolution
		SolutionGuid = {F3708CED-AD51-41C4-8E8C-E93635C62A09}
	EndGlobalSection
EndGlobal
