
Microsoft Visual Studio Solution File, Format Version 12.00
# Visual Studio 15
VisualStudioVersion = 15.0.28010.2019
MinimumVisualStudioVersion = 10.0.40219.1
Project("{FAE04EC0-301F-11D3-BF4B-00C04F79EFBC}") = "PlaylistCore", "PlaylistCore\PlaylistCore.csproj", "{265BDED9-C619-4857-A89F-6B1E45E84C47}"
EndProject
Global
	GlobalSection(SolutionConfigurationPlatforms) = preSolution
		Debug|Any CPU = Debug|Any CPU
		Release|Any CPU = Release|Any CPU
	EndGlobalSection
	GlobalSection(ProjectConfigurationPlatforms) = postSolution
		{265BDED9-C619-4857-A89F-6B1E45E84C47}.Debug|Any CPU.ActiveCfg = Debug|Any CPU
		{265BDED9-C619-4857-A89F-6B1E45E84C47}.Debug|Any CPU.Build.0 = Debug|Any CPU
		{265BDED9-C619-4857-A89F-6B1E45E84C47}.Release|Any CPU.ActiveCfg = Release|Any CPU
		{265BDED9-C619-4857-A89F-6B1E45E84C47}.Release|Any CPU.Build.0 = Release|Any CPU
	EndGlobalSection
	GlobalSection(SolutionProperties) = preSolution
		HideSolutionNode = FALSE
	EndGlobalSection
	GlobalSection(ExtensibilityGlobals) = postSolution
		SolutionGuid = {26D0FFB3-B2BE-4E77-A739-8A91E2BED2ED}
	EndGlobalSection
EndGlobal
